github.com/gchaincl/dotsql v1.0.0 h1:HSr7zrBETCYhgNf7ZbZxKRvu7ygTJ6NLNbkunqeIH6g=
github.com/gchaincl/dotsql v1.0.0/go.mod h1:ZmcHWYwdJOHlCRWrawp6gXCcDG0b6IEJgmPGjAW5maY=
github.com/lib/pq v1.9.0 h1:L8nSXQQzAYByakOFMTwpjRoHsMJklur4Gi59b6VivR8=
github.com/lib/pq v1.9.0/go.mod h1:AlVN5x4E4T544tWzH6hKfbfQvm3HdbOxrmggDNAPY9o=
github.com/mxk/go-sqlite v0.0.0-20140611214908-167da9432e1f/go.mod h1:pkc41e3zYdLbnNZr/Zr5u/Ozr7D0p8EorhQiE+DmM4Y=
